
Microsoft Visual Studio Solution File, Format Version 12.00
# Visual Studio 14
VisualStudioVersion = 14.0.25420.1
MinimumVisualStudioVersion = 10.0.40219.1
Project("{8BC9CEB8-8B4A-11D0-8D11-00A0C91BC942}") = "SocketNative", "SocketNative\SocketNative.vcxproj", "{7AB7AF78-FE1F-47FE-97D0-6C44FF0644FA}"
EndProject
Project("{FAE04EC0-301F-11D3-BF4B-00C04F79EFBC}") = "SocketManaged", "SocketManaged\SocketManaged.csproj", "{CDAEA287-7124-4C29-8D62-F9FDD451C76B}"
EndProject
Global
	GlobalSection(SolutionConfigurationPlatforms) = preSolution
		Debug|Any CPU = Debug|Any CPU
		Debug|x64 = Debug|x64
		Debug|x86 = Debug|x86
		Release|Any CPU = Release|Any CPU
		Release|x64 = Release|x64
		Release|x86 = Release|x86
	EndGlobalSection
	GlobalSection(ProjectConfigurationPlatforms) = postSolution
		{7AB7AF78-FE1F-47FE-97D0-6C44FF0644FA}.Debug|Any CPU.ActiveCfg = Debug|Win32
		{7AB7AF78-FE1F-47FE-97D0-6C44FF0644FA}.Debug|x64.ActiveCfg = Debug|x64
		{7AB7AF78-FE1F-47FE-97D0-6C44FF0644FA}.Debug|x64.Build.0 = Debug|x64
		{7AB7AF78-FE1F-47FE-97D0-6C44FF0644FA}.Debug|x86.ActiveCfg = Debug|Win32
		{7AB7AF78-FE1F-47FE-97D0-6C44FF0644FA}.Debug|x86.Build.0 = Debug|Win32
		{7AB7AF78-FE1F-47FE-97D0-6C44FF0644FA}.Release|Any CPU.ActiveCfg = Release|Win32
		{7AB7AF78-FE1F-47FE-97D0-6C44FF0644FA}.Release|x64.ActiveCfg = Release|x64
		{7AB7AF78-FE1F-47FE-97D0-6C44FF0644FA}.Release|x64.Build.0 = Release|x64
		{7AB7AF78-FE1F-47FE-97D0-6C44FF0644FA}.Release|x86.ActiveCfg = Release|Win32
		{7AB7AF78-FE1F-47FE-97D0-6C44FF0644FA}.Release|x86.Build.0 = Release|Win32
		{CDAEA287-7124-4C29-8D62-F9FDD451C76B}.Debug|Any CPU.ActiveCfg = Debug|Any CPU
		{CDAEA287-7124-4C29-8D62-F9FDD451C76B}.Debug|Any CPU.Build.0 = Debug|Any CPU
		{CDAEA287-7124-4C29-8D62-F9FDD451C76B}.Debug|x64.ActiveCfg = Debug|Any CPU
		{CDAEA287-7124-4C29-8D62-F9FDD451C76B}.Debug|x64.Build.0 = Debug|Any CPU
		{CDAEA287-7124-4C29-8D62-F9FDD451C76B}.Debug|x86.ActiveCfg = Debug|Any CPU
		{CDAEA287-7124-4C29-8D62-F9FDD451C76B}.Debug|x86.Build.0 = Debug|Any CPU
		{CDAEA287-7124-4C29-8D62-F9FDD451C76B}.Release|Any CPU.ActiveCfg = Release|Any CPU
		{CDAEA287-7124-4C29-8D62-F9FDD451C76B}.Release|Any CPU.Build.0 = Release|Any CPU
		{CDAEA287-7124-4C29-8D62-F9FDD451C76B}.Release|x64.ActiveCfg = Release|Any CPU
		{CDAEA287-7124-4C29-8D62-F9FDD451C76B}.Release|x64.Build.0 = Release|Any CPU
		{CDAEA287-7124-4C29-8D62-F9FDD451C76B}.Release|x86.ActiveCfg = Release|Any CPU
		{CDAEA287-7124-4C29-8D62-F9FDD451C76B}.Release|x86.Build.0 = Release|Any CPU
	EndGlobalSection
	GlobalSection(SolutionProperties) = preSolution
		HideSolutionNode = FALSE
	EndGlobalSection
EndGlobal
